
Microsoft Visual Studio Solution File, Format Version 12.00
Project("{FAE04EC0-301F-11D3-BF4B-00C04F79EFBC}") = "Moki11so.Api", "Moki11so.Api\Moki11so.Api.csproj", "{61E924EC-3600-4F00-9AB1-97D2AD055AE0}"
EndProject
Project("{FAE04EC0-301F-11D3-BF4B-00C04F79EFBC}") = "Moki11so.Shared", "..\Shared\Moki11so.Shared\Moki11so.Shared.csproj", "{10C377A2-351A-413B-8110-9D92685535CD}"
EndProject
Global
	GlobalSection(SolutionConfigurationPlatforms) = preSolution
		Debug|Any CPU = Debug|Any CPU
		Release|Any CPU = Release|Any CPU
	EndGlobalSection
	GlobalSection(ProjectConfigurationPlatforms) = postSolution
		{61E924EC-3600-4F00-9AB1-97D2AD055AE0}.Debug|Any CPU.ActiveCfg = Debug|Any CPU
		{61E924EC-3600-4F00-9AB1-97D2AD055AE0}.Debug|Any CPU.Build.0 = Debug|Any CPU
		{61E924EC-3600-4F00-9AB1-97D2AD055AE0}.Release|Any CPU.ActiveCfg = Release|Any CPU
		{61E924EC-3600-4F00-9AB1-97D2AD055AE0}.Release|Any CPU.Build.0 = Release|Any CPU
		{10C377A2-351A-413B-8110-9D92685535CD}.Debug|Any CPU.ActiveCfg = Debug|Any CPU
		{10C377A2-351A-413B-8110-9D92685535CD}.Debug|Any CPU.Build.0 = Debug|Any CPU
		{10C377A2-351A-413B-8110-9D92685535CD}.Release|Any CPU.ActiveCfg = Release|Any CPU
		{10C377A2-351A-413B-8110-9D92685535CD}.Release|Any CPU.Build.0 = Release|Any CPU
	EndGlobalSection
EndGlobal
